{
  "name": "developer-suite-javascript-remote",
  "version": "0.1.0",
  "lockfileVersion": 3,
  "requires": true,
  "packages": {
    "": {
      "name": "developer-suite-javascript-remote",
      "version": "0.1.0",
      "dependencies": {
        "@medwand/mwsdk-javascript-remote": "^3.2.1",
        "cd": "^0.3.3"
      }
    },
    "node_modules/@medwand/mwsdk-javascript-remote": {
      "version": "3.2.1",
      "resolved": "https://registry.npmjs.org/@medwand/mwsdk-javascript-remote/-/mwsdk-javascript-remote-3.2.1.tgz",
      "integrity": "sha512-H1j2W75kKli4N0xqI+uMYf5SjeZAnmuRGhqwnTteF99DO7uBRXzrhG+rskcVINyOlzpcjBb7STEMK7SA9yTGEw=="
    },
    "node_modules/cd": {
      "version": "0.3.3",
      "resolved": "https://registry.npmjs.org/cd/-/cd-0.3.3.tgz",
      "integrity": "sha512-X2y0Ssu48ucdkrNgCdg6k3EZWjWVy/dsEywUUTeZEIW31f3bQfq65Svm+TzU1Hz+qqhdmyCdjGhUvRsSKHl/mw==",
      "engines": {
        "node": "*"
      }
    }
  }
}
